PODS:
  - CocoaLumberjack (1.9.0):
    - CocoaLumberjack/Extensions
  - CocoaLumberjack/Core (1.9.0)
  - CocoaLumberjack/Extensions (1.9.0):
    - CocoaLumberjack/Core
  - libpd (0.7.0)
  - Masonry (0.5.2)
  - UIImage+Additions (1.1.0)

DEPENDENCIES:
  - CocoaLumberjack (~> 1.8)
  - libpd (~> 0.7)
  - Masonry (~> 0.4)
  - UIImage+Additions (~> 1.0)

SPEC CHECKSUMS:
  CocoaLumberjack: 5766cdd1d0a24bcf15a133c6023747346bf786dd
  libpd: f9e63d090e284438826f9b2fdc0810dbb9889e6f
  Masonry: ec0189e1a07af00913e4a1a335ea76887adc86e1
  UIImage+Additions: 66ee88773215955a2703ea31b790fdf3438303d9

COCOAPODS: 0.33.1
