// !$*UTF8*$!
{
	archiveVersion = 1;
	classes = {
	};
	objectVersion = 46;
	objects = {

/* Begin PBXBuildFile section */
		C3CB6BBC7AAD47AC882DA92D /* libPods.a in Frameworks */ = {isa = PBXBuildFile; fileRef = 55059BF1B23A41DDA84364AE /* libPods.a */; };
		F770DAA0194A8CA2002086CE /* Foundation.framework in Frameworks */ = {isa = PBXBuildFile; fileRef = F770DA9F194A8CA2002086CE /* Foundation.framework */; };
		F770DAA2194A8CA2002086CE /* CoreGraphics.framework in Frameworks */ = {isa = PBXBuildFile; fileRef = F770DAA1194A8CA2002086CE /* CoreGraphics.framework */; };
		F770DAA4194A8CA2002086CE /* UIKit.framework in Frameworks */ = {isa = PBXBuildFile; fileRef = F770DAA3194A8CA2002086CE /* UIKit.framework */; };
		F770DAAA194A8CA2002086CE /* InfoPlist.strings in Resources */ = {isa = PBXBuildFile; fileRef = F770DAA8194A8CA2002086CE /* InfoPlist.strings */; };
		F770DAAC194A8CA2002086CE /* main.m in Sources */ = {isa = PBXBuildFile; fileRef = F770DAAB194A8CA2002086CE /* main.m */; };
		F770DAB0194A8CA3002086CE /* DNAppDelegate.m in Sources */ = {isa = PBXBuildFile; fileRef = F770DAAF194A8CA3002086CE /* DNAppDelegate.m */; };
		F770DAB3194A8CA3002086CE /* Main_iPhone.storyboard in Resources */ = {isa = PBXBuildFile; fileRef = F770DAB1194A8CA3002086CE /* Main_iPhone.storyboard */; };
		F770DAB6194A8CA3002086CE /* Main_iPad.storyboard in Resources */ = {isa = PBXBuildFile; fileRef = F770DAB4194A8CA3002086CE /* Main_iPad.storyboard */; };
		F770DAB9194A8CA3002086CE /* DNViewController.m in Sources */ = {isa = PBXBuildFile; fileRef = F770DAB8194A8CA3002086CE /* DNViewController.m */; };
		F770DABB194A8CA3002086CE /* Images.xcassets in Resources */ = {isa = PBXBuildFile; fileRef = F770DABA194A8CA3002086CE /* Images.xcassets */; };
		F770DAC2194A8CA4002086CE /* XCTest.framework in Frameworks */ = {isa = PBXBuildFile; fileRef = F770DAC1194A8CA4002086CE /* XCTest.framework */; };
		F770DAC3194A8CA4002086CE /* Foundation.framework in Frameworks */ = {isa = PBXBuildFile; fileRef = F770DA9F194A8CA2002086CE /* Foundation.framework */; };
		F770DAC4194A8CA4002086CE /* UIKit.framework in Frameworks */ = {isa = PBXBuildFile; fileRef = F770DAA3194A8CA2002086CE /* UIKit.framework */; };
		F770DACC194A8CA4002086CE /* InfoPlist.strings in Resources */ = {isa = PBXBuildFile; fileRef = F770DACA194A8CA4002086CE /* InfoPlist.strings */; };
		F770DACE194A8CA4002086CE /* DuneTests.m in Sources */ = {isa = PBXBuildFile; fileRef = F770DACD194A8CA4002086CE /* DuneTests.m */; };
		F770DADE194A926B002086CE /* PdController.m in Sources */ = {isa = PBXBuildFile; fileRef = F770DADD194A926B002086CE /* PdController.m */; };
		F7C236561953B4880047496F /* master_.pd in Resources */ = {isa = PBXBuildFile; fileRef = F7C236511953B4880047496F /* master_.pd */; };
		F7C236571953B4880047496F /* _patch.pd in Resources */ = {isa = PBXBuildFile; fileRef = F7C236521953B4880047496F /* _patch.pd */; };
		F7C236581953B4880047496F /* channel_mono_.pd in Resources */ = {isa = PBXBuildFile; fileRef = F7C236531953B4880047496F /* channel_mono_.pd */; };
		F7C236591953B4880047496F /* pair_.pd in Resources */ = {isa = PBXBuildFile; fileRef = F7C236541953B4880047496F /* pair_.pd */; };
		F7C2365A1953B4880047496F /* pan_.pd in Resources */ = {isa = PBXBuildFile; fileRef = F7C236551953B4880047496F /* pan_.pd */; };
/* End PBXBuildFile section */

/* Begin PBXContainerItemProxy section */
		F770DAC5194A8CA4002086CE /* PBXContainerItemProxy */ = {
			isa = PBXContainerItemProxy;
			containerPortal = F770DA94194A8CA2002086CE /* Project object */;
			proxyType = 1;
			remoteGlobalIDString = F770DA9B194A8CA2002086CE;
			remoteInfo = Dune;
		};
/* End PBXContainerItemProxy section */

/* Begin PBXFileReference section */
		55059BF1B23A41DDA84364AE /* libPods.a */ = {isa = PBXFileReference; explicitFileType = archive.ar; includeInIndex = 0; path = libPods.a; sourceTree = BUILT_PRODUCTS_DIR; };
		C7E9064304C74EB2A7757BC2 /* Pods.xcconfig */ = {isa = PBXFileReference; includeInIndex = 1; lastKnownFileType = text.xcconfig; name = Pods.xcconfig; path = Pods/Pods.xcconfig; sourceTree = "<group>"; };
		F770DA9C194A8CA2002086CE /* Dune.app */ = {isa = PBXFileReference; explicitFileType = wrapper.application; includeInIndex = 0; path = Dune.app; sourceTree = BUILT_PRODUCTS_DIR; };
		F770DA9F194A8CA2002086CE /* Foundation.framework */ = {isa = PBXFileReference; lastKnownFileType = wrapper.framework; name = Foundation.framework; path = System/Library/Frameworks/Foundation.framework; sourceTree = SDKROOT; };
		F770DAA1194A8CA2002086CE /* CoreGraphics.framework */ = {isa = PBXFileReference; lastKnownFileType = wrapper.framework; name = CoreGraphics.framework; path = System/Library/Frameworks/CoreGraphics.framework; sourceTree = SDKROOT; };
		F770DAA3194A8CA2002086CE /* UIKit.framework */ = {isa = PBXFileReference; lastKnownFileType = wrapper.framework; name = UIKit.framework; path = System/Library/Frameworks/UIKit.framework; sourceTree = SDKROOT; };
		F770DAA7194A8CA2002086CE /* Dune-Info.plist */ = {isa = PBXFileReference; lastKnownFileType = text.plist.xml; path = "Dune-Info.plist"; sourceTree = "<group>"; };
		F770DAA9194A8CA2002086CE /* en */ = {isa = PBXFileReference; lastKnownFileType = text.plist.strings; name = en; path = en.lproj/InfoPlist.strings; sourceTree = "<group>"; };
		F770DAAB194A8CA2002086CE /* main.m */ = {isa = PBXFileReference; lastKnownFileType = sourcecode.c.objc; path = main.m; sourceTree = "<group>"; };
		F770DAAD194A8CA2002086CE /* Dune-Prefix.pch */ = {isa = PBXFileReference; lastKnownFileType = sourcecode.c.h; path = "Dune-Prefix.pch"; sourceTree = "<group>"; };
		F770DAAE194A8CA2002086CE /* DNAppDelegate.h */ = {isa = PBXFileReference; lastKnownFileType = sourcecode.c.h; name = DNAppDelegate.h; path = Classes/DNAppDelegate.h; sourceTree = "<group>"; };
		F770DAAF194A8CA3002086CE /* DNAppDelegate.m */ = {isa = PBXFileReference; lastKnownFileType = sourcecode.c.objc; name = DNAppDelegate.m; path = Classes/DNAppDelegate.m; sourceTree = "<group>"; };
		F770DAB2194A8CA3002086CE /* Base */ = {isa = PBXFileReference; lastKnownFileType = file.storyboard; name = Base; path = Base.lproj/Main_iPhone.storyboard; sourceTree = "<group>"; };
		F770DAB5194A8CA3002086CE /* Base */ = {isa = PBXFileReference; lastKnownFileType = file.storyboard; name = Base; path = Base.lproj/Main_iPad.storyboard; sourceTree = "<group>"; };
		F770DAB7194A8CA3002086CE /* DNViewController.h */ = {isa = PBXFileReference; lastKnownFileType = sourcecode.c.h; name = DNViewController.h; path = "Classes/View Controllers/DNViewController.h"; sourceTree = "<group>"; };
		F770DAB8194A8CA3002086CE /* DNViewController.m */ = {isa = PBXFileReference; lastKnownFileType = sourcecode.c.objc; name = DNViewController.m; path = "Classes/View Controllers/DNViewController.m"; sourceTree = "<group>"; };
		F770DABA194A8CA3002086CE /* Images.xcassets */ = {isa = PBXFileReference; lastKnownFileType = folder.assetcatalog; name = Images.xcassets; path = Resources/Images.xcassets; sourceTree = "<group>"; };
		F770DAC0194A8CA4002086CE /* DuneTests.xctest */ = {isa = PBXFileReference; explicitFileType = wrapper.cfbundle; includeInIndex = 0; path = DuneTests.xctest; sourceTree = BUILT_PRODUCTS_DIR; };
		F770DAC1194A8CA4002086CE /* XCTest.framework */ = {isa = PBXFileReference; lastKnownFileType = wrapper.framework; name = XCTest.framework; path = Library/Frameworks/XCTest.framework; sourceTree = DEVELOPER_DIR; };
		F770DAC9194A8CA4002086CE /* DuneTests-Info.plist */ = {isa = PBXFileReference; lastKnownFileType = text.plist.xml; path = "DuneTests-Info.plist"; sourceTree = "<group>"; };
		F770DACB194A8CA4002086CE /* en */ = {isa = PBXFileReference; lastKnownFileType = text.plist.strings; name = en; path = en.lproj/InfoPlist.strings; sourceTree = "<group>"; };
		F770DACD194A8CA4002086CE /* DuneTests.m */ = {isa = PBXFileReference; lastKnownFileType = sourcecode.c.objc; path = DuneTests.m; sourceTree = "<group>"; };
		F770DADC194A926B002086CE /* PdController.h */ = {isa = PBXFileReference; fileEncoding = 4; lastKnownFileType = sourcecode.c.h; name = PdController.h; path = Classes/Common/Controllers/PdController.h; sourceTree = "<group>"; };
		F770DADD194A926B002086CE /* PdController.m */ = {isa = PBXFileReference; fileEncoding = 4; lastKnownFileType = sourcecode.c.objc; name = PdController.m; path = Classes/Common/Controllers/PdController.m; sourceTree = "<group>"; };
		F7C236511953B4880047496F /* master_.pd */ = {isa = PBXFileReference; fileEncoding = 4; lastKnownFileType = text; name = master_.pd; path = Resources/Patch/master_.pd; sourceTree = "<group>"; };
		F7C236521953B4880047496F /* _patch.pd */ = {isa = PBXFileReference; fileEncoding = 4; lastKnownFileType = text; name = _patch.pd; path = Resources/Patch/_patch.pd; sourceTree = "<group>"; };
		F7C236531953B4880047496F /* channel_mono_.pd */ = {isa = PBXFileReference; fileEncoding = 4; lastKnownFileType = text; name = channel_mono_.pd; path = Resources/Patch/channel_mono_.pd; sourceTree = "<group>"; };
		F7C236541953B4880047496F /* pair_.pd */ = {isa = PBXFileReference; fileEncoding = 4; lastKnownFileType = text; name = pair_.pd; path = Resources/Patch/pair_.pd; sourceTree = "<group>"; };
		F7C236551953B4880047496F /* pan_.pd */ = {isa = PBXFileReference; fileEncoding = 4; lastKnownFileType = text; name = pan_.pd; path = Resources/Patch/pan_.pd; sourceTree = "<group>"; };
/* End PBXFileReference section */

/* Begin PBXFrameworksBuildPhase section */
		F770DA99194A8CA2002086CE /* Frameworks */ = {
			isa = PBXFrameworksBuildPhase;
			buildActionMask = 2147483647;
			files = (
				F770DAA2194A8CA2002086CE /* CoreGraphics.framework in Frameworks */,
				F770DAA4194A8CA2002086CE /* UIKit.framework in Frameworks */,
				F770DAA0194A8CA2002086CE /* Foundation.framework in Frameworks */,
				C3CB6BBC7AAD47AC882DA92D /* libPods.a in Frameworks */,
			);
			runOnlyForDeploymentPostprocessing = 0;
		};
		F770DABD194A8CA4002086CE /* Frameworks */ = {
			isa = PBXFrameworksBuildPhase;
			buildActionMask = 2147483647;
			files = (
				F770DAC2194A8CA4002086CE /* XCTest.framework in Frameworks */,
				F770DAC4194A8CA4002086CE /* UIKit.framework in Frameworks */,
				F770DAC3194A8CA4002086CE /* Foundation.framework in Frameworks */,
			);
			runOnlyForDeploymentPostprocessing = 0;
		};
/* End PBXFrameworksBuildPhase section */

/* Begin PBXGroup section */
		F770DA93194A8CA2002086CE = {
			isa = PBXGroup;
			children = (
				F770DAA5194A8CA2002086CE /* Dune */,
				F770DAC7194A8CA4002086CE /* DuneTests */,
				F770DA9E194A8CA2002086CE /* Frameworks */,
				F770DA9D194A8CA2002086CE /* Products */,
				C7E9064304C74EB2A7757BC2 /* Pods.xcconfig */,
			);
			sourceTree = "<group>";
		};
		F770DA9D194A8CA2002086CE /* Products */ = {
			isa = PBXGroup;
			children = (
				F770DA9C194A8CA2002086CE /* Dune.app */,
				F770DAC0194A8CA4002086CE /* DuneTests.xctest */,
			);
			name = Products;
			sourceTree = "<group>";
		};
		F770DA9E194A8CA2002086CE /* Frameworks */ = {
			isa = PBXGroup;
			children = (
				F770DA9F194A8CA2002086CE /* Foundation.framework */,
				F770DAA1194A8CA2002086CE /* CoreGraphics.framework */,
				F770DAA3194A8CA2002086CE /* UIKit.framework */,
				F770DAC1194A8CA4002086CE /* XCTest.framework */,
				55059BF1B23A41DDA84364AE /* libPods.a */,
			);
			name = Frameworks;
			sourceTree = "<group>";
		};
		F770DAA5194A8CA2002086CE /* Dune */ = {
			isa = PBXGroup;
			children = (
				F770DADA194A8FB7002086CE /* Classes */,
				F770DAD9194A8F74002086CE /* Resources */,
				F770DAA6194A8CA2002086CE /* Supporting Files */,
			);
			path = Dune;
			sourceTree = "<group>";
		};
		F770DAA6194A8CA2002086CE /* Supporting Files */ = {
			isa = PBXGroup;
			children = (
				F770DAA7194A8CA2002086CE /* Dune-Info.plist */,
				F770DAA8194A8CA2002086CE /* InfoPlist.strings */,
				F770DAAB194A8CA2002086CE /* main.m */,
				F770DAAD194A8CA2002086CE /* Dune-Prefix.pch */,
			);
			name = "Supporting Files";
			sourceTree = "<group>";
		};
		F770DAC7194A8CA4002086CE /* DuneTests */ = {
			isa = PBXGroup;
			children = (
				F770DACD194A8CA4002086CE /* DuneTests.m */,
				F770DAC8194A8CA4002086CE /* Supporting Files */,
			);
			path = DuneTests;
			sourceTree = "<group>";
		};
		F770DAC8194A8CA4002086CE /* Supporting Files */ = {
			isa = PBXGroup;
			children = (
				F770DAC9194A8CA4002086CE /* DuneTests-Info.plist */,
				F770DACA194A8CA4002086CE /* InfoPlist.strings */,
			);
			name = "Supporting Files";
			sourceTree = "<group>";
		};
		F770DAD7194A8F53002086CE /* View Controllers */ = {
			isa = PBXGroup;
			children = (
				F770DAB7194A8CA3002086CE /* DNViewController.h */,
				F770DAB8194A8CA3002086CE /* DNViewController.m */,
			);
			name = "View Controllers";
			sourceTree = "<group>";
		};
		F770DAD9194A8F74002086CE /* Resources */ = {
			isa = PBXGroup;
			children = (
				F7C236501953B4790047496F /* Patch */,
				F770DABA194A8CA3002086CE /* Images.xcassets */,
				F770DAB4194A8CA3002086CE /* Main_iPad.storyboard */,
				F770DAB1194A8CA3002086CE /* Main_iPhone.storyboard */,
			);
			name = Resources;
			sourceTree = "<group>";
		};
		F770DADA194A8FB7002086CE /* Classes */ = {
			isa = PBXGroup;
			children = (
				F770DADB194A9152002086CE /* Common */,
				F770DAD7194A8F53002086CE /* View Controllers */,
				F770DAAE194A8CA2002086CE /* DNAppDelegate.h */,
				F770DAAF194A8CA3002086CE /* DNAppDelegate.m */,
			);
			name = Classes;
			sourceTree = "<group>";
		};
		F770DADB194A9152002086CE /* Common */ = {
			isa = PBXGroup;
			children = (
				F770DADC194A926B002086CE /* PdController.h */,
				F770DADD194A926B002086CE /* PdController.m */,
			);
			name = Common;
			sourceTree = "<group>";
		};
		F7C236501953B4790047496F /* Patch */ = {
			isa = PBXGroup;
			children = (
				F7C236511953B4880047496F /* master_.pd */,
				F7C236521953B4880047496F /* _patch.pd */,
				F7C236531953B4880047496F /* channel_mono_.pd */,
				F7C236541953B4880047496F /* pair_.pd */,
				F7C236551953B4880047496F /* pan_.pd */,
			);
			name = Patch;
			sourceTree = "<group>";
		};
/* End PBXGroup section */

/* Begin PBXNativeTarget section */
		F770DA9B194A8CA2002086CE /* Dune */ = {
			isa = PBXNativeTarget;
			buildConfigurationList = F770DAD1194A8CA4002086CE /* Build configuration list for PBXNativeTarget "Dune" */;
			buildPhases = (
				06ABDC0783D248269B6C0818 /* Check Pods Manifest.lock */,
				F770DA98194A8CA2002086CE /* Sources */,
				F770DA99194A8CA2002086CE /* Frameworks */,
				F770DA9A194A8CA2002086CE /* Resources */,
				8E98679E417E4BD6B21DBA70 /* Copy Pods Resources */,
			);
			buildRules = (
			);
			dependencies = (
			);
			name = Dune;
			productName = Dune;
			productReference = F770DA9C194A8CA2002086CE /* Dune.app */;
			productType = "com.apple.product-type.application";
		};
		F770DABF194A8CA4002086CE /* DuneTests */ = {
			isa = PBXNativeTarget;
			buildConfigurationList = F770DAD4194A8CA4002086CE /* Build configuration list for PBXNativeTarget "DuneTests" */;
			buildPhases = (
				F770DABC194A8CA4002086CE /* Sources */,
				F770DABD194A8CA4002086CE /* Frameworks */,
				F770DABE194A8CA4002086CE /* Resources */,
			);
			buildRules = (
			);
			dependencies = (
				F770DAC6194A8CA4002086CE /* PBXTargetDependency */,
			);
			name = DuneTests;
			productName = DuneTests;
			productReference = F770DAC0194A8CA4002086CE /* DuneTests.xctest */;
			productType = "com.apple.product-type.bundle.unit-test";
		};
/* End PBXNativeTarget section */

/* Begin PBXProject section */
		F770DA94194A8CA2002086CE /* Project object */ = {
			isa = PBXProject;
			attributes = {
				CLASSPREFIX = DN;
				LastUpgradeCheck = 0510;
				ORGANIZATIONNAME = "Colin Patrick McArdell";
				TargetAttributes = {
					F770DABF194A8CA4002086CE = {
						TestTargetID = F770DA9B194A8CA2002086CE;
					};
				};
			};
			buildConfigurationList = F770DA97194A8CA2002086CE /* Build configuration list for PBXProject "Dune" */;
			compatibilityVersion = "Xcode 3.2";
			developmentRegion = English;
			hasScannedForEncodings = 0;
			knownRegions = (
				en,
				Base,
			);
			mainGroup = F770DA93194A8CA2002086CE;
			productRefGroup = F770DA9D194A8CA2002086CE /* Products */;
			projectDirPath = "";
			projectRoot = "";
			targets = (
				F770DA9B194A8CA2002086CE /* Dune */,
				F770DABF194A8CA4002086CE /* DuneTests */,
			);
		};
/* End PBXProject section */

/* Begin PBXResourcesBuildPhase section */
		F770DA9A194A8CA2002086CE /* Resources */ = {
			isa = PBXResourcesBuildPhase;
			buildActionMask = 2147483647;
			files = (
				F7C236571953B4880047496F /* _patch.pd in Resources */,
				F7C236561953B4880047496F /* master_.pd in Resources */,
				F770DAB6194A8CA3002086CE /* Main_iPad.storyboard in Resources */,
				F7C2365A1953B4880047496F /* pan_.pd in Resources */,
				F770DABB194A8CA3002086CE /* Images.xcassets in Resources */,
				F770DAB3194A8CA3002086CE /* Main_iPhone.storyboard in Resources */,
				F7C236591953B4880047496F /* pair_.pd in Resources */,
				F7C236581953B4880047496F /* channel_mono_.pd in Resources */,
				F770DAAA194A8CA2002086CE /* InfoPlist.strings in Resources */,
			);
			runOnlyForDeploymentPostprocessing = 0;
		};
		F770DABE194A8CA4002086CE /* Resources */ = {
			isa = PBXResourcesBuildPhase;
			buildActionMask = 2147483647;
			files = (
				F770DACC194A8CA4002086CE /* InfoPlist.strings in Resources */,
			);
			runOnlyForDeploymentPostprocessing = 0;
		};
/* End PBXResourcesBuildPhase section */

/* Begin PBXShellScriptBuildPhase section */
		06ABDC0783D248269B6C0818 /* Check Pods Manifest.lock */ = {
			isa = PBXShellScriptBuildPhase;
			buildActionMask = 2147483647;
			files = (
			);
			inputPaths = (
			);
			name = "Check Pods Manifest.lock";
			outputPaths = (
			);
			runOnlyForDeploymentPostprocessing = 0;
			shellPath = /bin/sh;
			shellScript = "diff \"${PODS_ROOT}/../Podfile.lock\" \"${PODS_ROOT}/Manifest.lock\" > /dev/null\nif [[ $? != 0 ]] ; then\n    cat << EOM\nerror: The sandbox is not in sync with the Podfile.lock. Run 'pod install' or update your CocoaPods installation.\nEOM\n    exit 1\nfi\n";
			showEnvVarsInLog = 0;
		};
		8E98679E417E4BD6B21DBA70 /* Copy Pods Resources */ = {
			isa = PBXShellScriptBuildPhase;
			buildActionMask = 2147483647;
			files = (
			);
			inputPaths = (
			);
			name = "Copy Pods Resources";
			outputPaths = (
			);
			runOnlyForDeploymentPostprocessing = 0;
			shellPath = /bin/sh;
			shellScript = "\"${SRCROOT}/Pods/Pods-resources.sh\"\n";
			showEnvVarsInLog = 0;
		};
/* End PBXShellScriptBuildPhase section */

/* Begin PBXSourcesBuildPhase section */
		F770DA98194A8CA2002086CE /* Sources */ = {
			isa = PBXSourcesBuildPhase;
			buildActionMask = 2147483647;
			files = (
				F770DAB0194A8CA3002086CE /* DNAppDelegate.m in Sources */,
				F770DADE194A926B002086CE /* PdController.m in Sources */,
				F770DAB9194A8CA3002086CE /* DNViewController.m in Sources */,
				F770DAAC194A8CA2002086CE /* main.m in Sources */,
			);
			runOnlyForDeploymentPostprocessing = 0;
		};
		F770DABC194A8CA4002086CE /* Sources */ = {
			isa = PBXSourcesBuildPhase;
			buildActionMask = 2147483647;
			files = (
				F770DACE194A8CA4002086CE /* DuneTests.m in Sources */,
			);
			runOnlyForDeploymentPostprocessing = 0;
		};
/* End PBXSourcesBuildPhase section */

/* Begin PBXTargetDependency section */
		F770DAC6194A8CA4002086CE /* PBXTargetDependency */ = {
			isa = PBXTargetDependency;
			target = F770DA9B194A8CA2002086CE /* Dune */;
			targetProxy = F770DAC5194A8CA4002086CE /* PBXContainerItemProxy */;
		};
/* End PBXTargetDependency section */

/* Begin PBXVariantGroup section */
		F770DAA8194A8CA2002086CE /* InfoPlist.strings */ = {
			isa = PBXVariantGroup;
			children = (
				F770DAA9194A8CA2002086CE /* en */,
			);
			name = InfoPlist.strings;
			sourceTree = "<group>";
		};
		F770DAB1194A8CA3002086CE /* Main_iPhone.storyboard */ = {
			isa = PBXVariantGroup;
			children = (
				F770DAB2194A8CA3002086CE /* Base */,
			);
			name = Main_iPhone.storyboard;
			sourceTree = "<group>";
		};
		F770DAB4194A8CA3002086CE /* Main_iPad.storyboard */ = {
			isa = PBXVariantGroup;
			children = (
				F770DAB5194A8CA3002086CE /* Base */,
			);
			name = Main_iPad.storyboard;
			sourceTree = "<group>";
		};
		F770DACA194A8CA4002086CE /* InfoPlist.strings */ = {
			isa = PBXVariantGroup;
			children = (
				F770DACB194A8CA4002086CE /* en */,
			);
			name = InfoPlist.strings;
			sourceTree = "<group>";
		};
/* End PBXVariantGroup section */

/* Begin XCBuildConfiguration section */
		F770DACF194A8CA4002086CE /* Debug */ = {
			isa = XCBuildConfiguration;
			buildSettings = {
				ALWAYS_SEARCH_USER_PATHS = NO;
				CLANG_CXX_LANGUAGE_STANDARD = "gnu++0x";
				CLANG_CXX_LIBRARY = "libc++";
				CLANG_ENABLE_MODULES = YES;
				CLANG_ENABLE_OBJC_ARC = YES;
				CLANG_WARN_BOOL_CONVERSION = YES;
				CLANG_WARN_CONSTANT_CONVERSION = YES;
				CLANG_WARN_DIRECT_OBJC_ISA_USAGE = YES_ERROR;
				CLANG_WARN_EMPTY_BODY = YES;
				CLANG_WARN_ENUM_CONVERSION = YES;
				CLANG_WARN_INT_CONVERSION = YES;
				CLANG_WARN_OBJC_ROOT_CLASS = YES_ERROR;
				CLANG_WARN__DUPLICATE_METHOD_MATCH = YES;
				"CODE_SIGN_IDENTITY[sdk=iphoneos*]" = "iPhone Developer";
				COPY_PHASE_STRIP = NO;
				GCC_C_LANGUAGE_STANDARD = gnu99;
				GCC_DYNAMIC_NO_PIC = NO;
				GCC_OPTIMIZATION_LEVEL = 0;
				GCC_PREPROCESSOR_DEFINITIONS = (
					"DEBUG=1",
					"$(inherited)",
				);
				GCC_SYMBOLS_PRIVATE_EXTERN = NO;
				GCC_WARN_64_TO_32_BIT_CONVERSION = YES;
				GCC_WARN_ABOUT_RETURN_TYPE = YES_ERROR;
				GCC_WARN_UNDECLARED_SELECTOR = YES;
				GCC_WARN_UNINITIALIZED_AUTOS = YES_AGGRESSIVE;
				GCC_WARN_UNUSED_FUNCTION = YES;
				GCC_WARN_UNUSED_VARIABLE = YES;
				IPHONEOS_DEPLOYMENT_TARGET = 7.1;
				ONLY_ACTIVE_ARCH = YES;
				SDKROOT = iphoneos;
				TARGETED_DEVICE_FAMILY = "1,2";
			};
			name = Debug;
		};
		F770DAD0194A8CA4002086CE /* Release */ = {
			isa = XCBuildConfiguration;
			buildSettings = {
				ALWAYS_SEARCH_USER_PATHS = NO;
				CLANG_CXX_LANGUAGE_STANDARD = "gnu++0x";
				CLANG_CXX_LIBRARY = "libc++";
				CLANG_ENABLE_MODULES = YES;
				CLANG_ENABLE_OBJC_ARC = YES;
				CLANG_WARN_BOOL_CONVERSION = YES;
				CLANG_WARN_CONSTANT_CONVERSION = YES;
				CLANG_WARN_DIRECT_OBJC_ISA_USAGE = YES_ERROR;
				CLANG_WARN_EMPTY_BODY = YES;
				CLANG_WARN_ENUM_CONVERSION = YES;
				CLANG_WARN_INT_CONVERSION = YES;
				CLANG_WARN_OBJC_ROOT_CLASS = YES_ERROR;
				CLANG_WARN__DUPLICATE_METHOD_MATCH = YES;
				"CODE_SIGN_IDENTITY[sdk=iphoneos*]" = "iPhone Developer";
				COPY_PHASE_STRIP = YES;
				ENABLE_NS_ASSERTIONS = NO;
				GCC_C_LANGUAGE_STANDARD = gnu99;
				GCC_WARN_64_TO_32_BIT_CONVERSION = YES;
				GCC_WARN_ABOUT_RETURN_TYPE = YES_ERROR;
				GCC_WARN_UNDECLARED_SELECTOR = YES;
				GCC_WARN_UNINITIALIZED_AUTOS = YES_AGGRESSIVE;
				GCC_WARN_UNUSED_FUNCTION = YES;
				GCC_WARN_UNUSED_VARIABLE = YES;
				IPHONEOS_DEPLOYMENT_TARGET = 7.1;
				SDKROOT = iphoneos;
				TARGETED_DEVICE_FAMILY = "1,2";
				VALIDATE_PRODUCT = YES;
			};
			name = Release;
		};
		F770DAD2194A8CA4002086CE /* Debug */ = {
			isa = XCBuildConfiguration;
			baseConfigurationReference = C7E9064304C74EB2A7757BC2 /* Pods.xcconfig */;
			buildSettings = {
				ASSETCATALOG_COMPILER_APPICON_NAME = AppIcon;
				ASSETCATALOG_COMPILER_LAUNCHIMAGE_NAME = LaunchImage;
				GCC_PRECOMPILE_PREFIX_HEADER = YES;
				GCC_PREFIX_HEADER = "Dune/Dune-Prefix.pch";
				INFOPLIST_FILE = "Dune/Dune-Info.plist";
				IPHONEOS_DEPLOYMENT_TARGET = 7.0;
				PRODUCT_NAME = "$(TARGET_NAME)";
				WRAPPER_EXTENSION = app;
			};
			name = Debug;
		};
		F770DAD3194A8CA4002086CE /* Release */ = {
			isa = XCBuildConfiguration;
			baseConfigurationReference = C7E9064304C74EB2A7757BC2 /* Pods.xcconfig */;
			buildSettings = {
				ASSETCATALOG_COMPILER_APPICON_NAME = AppIcon;
				ASSETCATALOG_COMPILER_LAUNCHIMAGE_NAME = LaunchImage;
				GCC_PRECOMPILE_PREFIX_HEADER = YES;
				GCC_PREFIX_HEADER = "Dune/Dune-Prefix.pch";
				INFOPLIST_FILE = "Dune/Dune-Info.plist";
				IPHONEOS_DEPLOYMENT_TARGET = 7.0;
				PRODUCT_NAME = "$(TARGET_NAME)";
				WRAPPER_EXTENSION = app;
			};
			name = Release;
		};
		F770DAD5194A8CA4002086CE /* Debug */ = {
			isa = XCBuildConfiguration;
			buildSettings = {
				BUNDLE_LOADER = "$(BUILT_PRODUCTS_DIR)/Dune.app/Dune";
				FRAMEWORK_SEARCH_PATHS = (
					"$(SDKROOT)/Developer/Library/Frameworks",
					"$(inherited)",
					"$(DEVELOPER_FRAMEWORKS_DIR)",
				);
				GCC_PRECOMPILE_PREFIX_HEADER = YES;
				GCC_PREFIX_HEADER = "Dune/Dune-Prefix.pch";
				GCC_PREPROCESSOR_DEFINITIONS = (
					"DEBUG=1",
					"$(inherited)",
				);
				INFOPLIST_FILE = "DuneTests/DuneTests-Info.plist";
				PRODUCT_NAME = "$(TARGET_NAME)";
				TEST_HOST = "$(BUNDLE_LOADER)";
				WRAPPER_EXTENSION = xctest;
			};
			name = Debug;
		};
		F770DAD6194A8CA4002086CE /* Release */ = {
			isa = XCBuildConfiguration;
			buildSettings = {
				BUNDLE_LOADER = "$(BUILT_PRODUCTS_DIR)/Dune.app/Dune";
				FRAMEWORK_SEARCH_PATHS = (
					"$(SDKROOT)/Developer/Library/Frameworks",
					"$(inherited)",
					"$(DEVELOPER_FRAMEWORKS_DIR)",
				);
				GCC_PRECOMPILE_PREFIX_HEADER = YES;
				GCC_PREFIX_HEADER = "Dune/Dune-Prefix.pch";
				INFOPLIST_FILE = "DuneTests/DuneTests-Info.plist";
				PRODUCT_NAME = "$(TARGET_NAME)";
				TEST_HOST = "$(BUNDLE_LOADER)";
				WRAPPER_EXTENSION = xctest;
			};
			name = Release;
		};
/* End XCBuildConfiguration section */

/* Begin XCConfigurationList section */
		F770DA97194A8CA2002086CE /* Build configuration list for PBXProject "Dune" */ = {
			isa = XCConfigurationList;
			buildConfigurations = (
				F770DACF194A8CA4002086CE /* Debug */,
				F770DAD0194A8CA4002086CE /* Release */,
			);
			defaultConfigurationIsVisible = 0;
			defaultConfigurationName = Release;
		};
		F770DAD1194A8CA4002086CE /* Build configuration list for PBXNativeTarget "Dune" */ = {
			isa = XCConfigurationList;
			buildConfigurations = (
				F770DAD2194A8CA4002086CE /* Debug */,
				F770DAD3194A8CA4002086CE /* Release */,
			);
			defaultConfigurationIsVisible = 0;
			defaultConfigurationName = Release;
		};
		F770DAD4194A8CA4002086CE /* Build configuration list for PBXNativeTarget "DuneTests" */ = {
			isa = XCConfigurationList;
			buildConfigurations = (
				F770DAD5194A8CA4002086CE /* Debug */,
				F770DAD6194A8CA4002086CE /* Release */,
			);
			defaultConfigurationIsVisible = 0;
			defaultConfigurationName = Release;
		};
/* End XCConfigurationList section */
	};
	rootObject = F770DA94194A8CA2002086CE /* Project object */;
}
